
Microsoft Visual Studio Solution File, Format Version 12.00
# Visual Studio Version 16
VisualStudioVersion = 16.0.28922.388
MinimumVisualStudioVersion = 10.0.40219.1
Project("{FAE04EC0-301F-11D3-BF4B-00C04F79EFBC}") = "BookCRUD", "BookCRUD\BookCRUD.csproj", "{575D1D43-A117-434E-A83F-2A7A6C824B60}"
EndProject
Project("{FAE04EC0-301F-11D3-BF4B-00C04F79EFBC}") = "BookDataAccess", "BookDataAccess\BookDataAccess.csproj", "{15FE819C-B23E-48F2-BBE5-3C55AFBBB687}"
EndProject
Global
	GlobalSection(SolutionConfigurationPlatforms) = preSolution
		Debug|Any CPU = Debug|Any CPU
		Release|Any CPU = Release|Any CPU
	EndGlobalSection
	GlobalSection(ProjectConfigurationPlatforms) = postSolution
		{575D1D43-A117-434E-A83F-2A7A6C824B60}.Debug|Any CPU.ActiveCfg = Debug|Any CPU
		{575D1D43-A117-434E-A83F-2A7A6C824B60}.Debug|Any CPU.Build.0 = Debug|Any CPU
		{575D1D43-A117-434E-A83F-2A7A6C824B60}.Release|Any CPU.ActiveCfg = Release|Any CPU
		{575D1D43-A117-434E-A83F-2A7A6C824B60}.Release|Any CPU.Build.0 = Release|Any CPU
		{15FE819C-B23E-48F2-BBE5-3C55AFBBB687}.Debug|Any CPU.ActiveCfg = Debug|Any CPU
		{15FE819C-B23E-48F2-BBE5-3C55AFBBB687}.Debug|Any CPU.Build.0 = Debug|Any CPU
		{15FE819C-B23E-48F2-BBE5-3C55AFBBB687}.Release|Any CPU.ActiveCfg = Release|Any CPU
		{15FE819C-B23E-48F2-BBE5-3C55AFBBB687}.Release|Any CPU.Build.0 = Release|Any CPU
	EndGlobalSection
	GlobalSection(SolutionProperties) = preSolution
		HideSolutionNode = FALSE
	EndGlobalSection
	GlobalSection(ExtensibilityGlobals) = postSolution
		SolutionGuid = {1B293E97-8CD5-4558-ADAD-B3700A0186D4}
	EndGlobalSection
EndGlobal
